// !$*UTF8*$!
{
	archiveVersion = 1;
	classes = {
	};
	objectVersion = 46;
	objects = {

/* Begin PBXBuildFile section */
		6131929418C0E7F7005A1C5E /* Twitter_logo_blue.png in Resources */ = {isa = PBXBuildFile; fileRef = 6131929318C0E7F7005A1C5E /* Twitter_logo_blue.png */; };
		6131929618C0E86B005A1C5E /* Instagram_Icon_Large.png in Resources */ = {isa = PBXBuildFile; fileRef = 6131929518C0E86B005A1C5E /* Instagram_Icon_Large.png */; };
		6131929818C0E8E6005A1C5E /* FB-fLogo-Blue-printpackaging.tif in Resources */ = {isa = PBXBuildFile; fileRef = 6131929718C0E8E6005A1C5E /* FB-fLogo-Blue-printpackaging.tif */; };
		6131929B18C0E9E9005A1C5E /* MemberTableViewCell.m in Sources */ = {isa = PBXBuildFile; fileRef = 6131929A18C0E9E9005A1C5E /* MemberTableViewCell.m */; };
		6137DFEC18A3FF1200E0C589 /* questionMark.png in Resources */ = {isa = PBXBuildFile; fileRef = 6137DFEB18A3FF1200E0C589 /* questionMark.png */; };
		6137DFF518A66C7200E0C589 /* JMPickerView.m in Sources */ = {isa = PBXBuildFile; fileRef = 6137DFF418A66C7200E0C589 /* JMPickerView.m */; };
		6137DFF918A7AFEF00E0C589 /* FacebookParser.m in Sources */ = {isa = PBXBuildFile; fileRef = 6137DFF818A7AFEF00E0C589 /* FacebookParser.m */; };
		6137DFFE18A7B03C00E0C589 /* DisplayObject.m in Sources */ = {isa = PBXBuildFile; fileRef = 6137DFFD18A7B03C00E0C589 /* DisplayObject.m */; };
		6137E00118A7B11600E0C589 /* tifTableViewCell.m in Sources */ = {isa = PBXBuildFile; fileRef = 6137E00018A7B11600E0C589 /* tifTableViewCell.m */; };
		6165736818B3D3D10025DF09 /* SWRevealViewController.m in Sources */ = {isa = PBXBuildFile; fileRef = 6165736718B3D3D10025DF09 /* SWRevealViewController.m */; };
		6165736B18B3FF3A0025DF09 /* MenuTableViewController.m in Sources */ = {isa = PBXBuildFile; fileRef = 6165736A18B3FF3A0025DF09 /* MenuTableViewController.m */; };
		6165736E18B4039A0025DF09 /* reveal-icon.png in Resources */ = {isa = PBXBuildFile; fileRef = 6165736D18B4039A0025DF09 /* reveal-icon.png */; };
		6165737018B403A20025DF09 /* reveal-icon@2x.png in Resources */ = {isa = PBXBuildFile; fileRef = 6165736F18B403A20025DF09 /* reveal-icon@2x.png */; };
		6165737318B51FF40025DF09 /* FacebookSettingsViewController.m in Sources */ = {isa = PBXBuildFile; fileRef = 6165737218B51FF40025DF09 /* FacebookSettingsViewController.m */; };
		6165737618B5288A0025DF09 /* firstViewController.m in Sources */ = {isa = PBXBuildFile; fileRef = 6165737518B5288A0025DF09 /* firstViewController.m */; };
		6165737918B54D600025DF09 /* twitterSettingsViewController.m in Sources */ = {isa = PBXBuildFile; fileRef = 6165737818B54D600025DF09 /* twitterSettingsViewController.m */; };
		6165737C18B54D810025DF09 /* instagramSettingsViewController.m in Sources */ = {isa = PBXBuildFile; fileRef = 6165737B18B54D810025DF09 /* instagramSettingsViewController.m */; };
		617CE87B18AA933A0025AA92 /* optionsPickerViewDelegate.m in Sources */ = {isa = PBXBuildFile; fileRef = 617CE87A18AA933A0025AA92 /* optionsPickerViewDelegate.m */; };
		617CE87D18AD2EDD0025AA92 /* Accounts.framework in Frameworks */ = {isa = PBXBuildFile; fileRef = 617CE87C18AD2EDD0025AA92 /* Accounts.framework */; };
		617CE87F18AD2EE70025AA92 /* Social.framework in Frameworks */ = {isa = PBXBuildFile; fileRef = 617CE87E18AD2EE70025AA92 /* Social.framework */; };
		617CE88218AD2F3C0025AA92 /* twitterParser.m in Sources */ = {isa = PBXBuildFile; fileRef = 617CE88118AD2F3C0025AA92 /* twitterParser.m */; };
		617CE88518AD2F630025AA92 /* instagramParser.m in Sources */ = {isa = PBXBuildFile; fileRef = 617CE88418AD2F630025AA92 /* instagramParser.m */; };
		617CE88818AD30270025AA92 /* linkWebViewController.m in Sources */ = {isa = PBXBuildFile; fileRef = 617CE88718AD30270025AA92 /* linkWebViewController.m */; };
		617CE88A18AE66D80025AA92 /* old code snippets in Resources */ = {isa = PBXBuildFile; fileRef = 617CE88918AE66D80025AA92 /* old code snippets */; };
		6188A2A918917CB9009C75EB /* tif_db.m in Sources */ = {isa = PBXBuildFile; fileRef = 6188A2A818917CB9009C75EB /* tif_db.m */; };
		618BE7BE18AFA0DF00A0CB7F /* Twitter.framework in Frameworks */ = {isa = PBXBuildFile; fileRef = 618BE7BD18AFA0DF00A0CB7F /* Twitter.framework */; };
		618BE7C618B8D80500A0CB7F /* settingsViewController.m in Sources */ = {isa = PBXBuildFile; fileRef = 618BE7C518B8D80500A0CB7F /* settingsViewController.m */; };
		61C57C4618897BA600887F5E /* Foundation.framework in Frameworks */ = {isa = PBXBuildFile; fileRef = 61C57C4518897BA600887F5E /* Foundation.framework */; };
		61C57C4818897BA600887F5E /* CoreGraphics.framework in Frameworks */ = {isa = PBXBuildFile; fileRef = 61C57C4718897BA600887F5E /* CoreGraphics.framework */; };
		61C57C4A18897BA600887F5E /* UIKit.framework in Frameworks */ = {isa = PBXBuildFile; fileRef = 61C57C4918897BA600887F5E /* UIKit.framework */; };
		61C57C5018897BA600887F5E /* InfoPlist.strings in Resources */ = {isa = PBXBuildFile; fileRef = 61C57C4E18897BA600887F5E /* InfoPlist.strings */; };
		61C57C5218897BA600887F5E /* main.m in Sources */ = {isa = PBXBuildFile; fileRef = 61C57C5118897BA600887F5E /* main.m */; };
		61C57C5618897BA600887F5E /* twinstabookAppDelegate.m in Sources */ = {isa = PBXBuildFile; fileRef = 61C57C5518897BA600887F5E /* twinstabookAppDelegate.m */; };
		61C57C5918897BA600887F5E /* Main_iPhone.storyboard in Resources */ = {isa = PBXBuildFile; fileRef = 61C57C5718897BA600887F5E /* Main_iPhone.storyboard */; };
		61C57C5C18897BA600887F5E /* Main_iPad.storyboard in Resources */ = {isa = PBXBuildFile; fileRef = 61C57C5A18897BA600887F5E /* Main_iPad.storyboard */; };
		61C57C5F18897BA600887F5E /* twinstabookFirstViewController.m in Sources */ = {isa = PBXBuildFile; fileRef = 61C57C5E18897BA600887F5E /* twinstabookFirstViewController.m */; };
		61C57C6418897BA600887F5E /* Images.xcassets in Resources */ = {isa = PBXBuildFile; fileRef = 61C57C6318897BA600887F5E /* Images.xcassets */; };
		61C57C6B18897BA600887F5E /* XCTest.framework in Frameworks */ = {isa = PBXBuildFile; fileRef = 61C57C6A18897BA600887F5E /* XCTest.framework */; };
		61C57C6C18897BA600887F5E /* Foundation.framework in Frameworks */ = {isa = PBXBuildFile; fileRef = 61C57C4518897BA600887F5E /* Foundation.framework */; };
		61C57C6D18897BA600887F5E /* UIKit.framework in Frameworks */ = {isa = PBXBuildFile; fileRef = 61C57C4918897BA600887F5E /* UIKit.framework */; };
		61C57C7518897BA600887F5E /* InfoPlist.strings in Resources */ = {isa = PBXBuildFile; fileRef = 61C57C7318897BA600887F5E /* InfoPlist.strings */; };
		61C57C7718897BA600887F5E /* twinstabookTests.m in Sources */ = {isa = PBXBuildFile; fileRef = 61C57C7618897BA600887F5E /* twinstabookTests.m */; };
		61DFBF6B18BA208800DB6D4E /* AddGroupMembersViewController.m in Sources */ = {isa = PBXBuildFile; fileRef = 61DFBF6A18BA208800DB6D4E /* AddGroupMembersViewController.m */; };
		61DFBF6E18BA211C00DB6D4E /* searchGroupMembersViewController.m in Sources */ = {isa = PBXBuildFile; fileRef = 61DFBF6D18BA211C00DB6D4E /* searchGroupMembersViewController.m */; };
		61DFBF7118BBEC0C00DB6D4E /* UserObject.m in Sources */ = {isa = PBXBuildFile; fileRef = 61DFBF7018BBEC0C00DB6D4E /* UserObject.m */; };
		61ECD14E18981AB300E5B952 /* groupViewController.m in Sources */ = {isa = PBXBuildFile; fileRef = 61ECD14D18981AB300E5B952 /* groupViewController.m */; };
		61ECD15118981B8C00E5B952 /* groupTableViewController.m in Sources */ = {isa = PBXBuildFile; fileRef = 61ECD15018981B8C00E5B952 /* groupTableViewController.m */; };
		61ECD154189D2B4200E5B952 /* groupNavigationController.m in Sources */ = {isa = PBXBuildFile; fileRef = 61ECD153189D2B4200E5B952 /* groupNavigationController.m */; };
		61ECD15718A00F7500E5B952 /* searchTableViewController.m in Sources */ = {isa = PBXBuildFile; fileRef = 61ECD15618A00F7500E5B952 /* searchTableViewController.m */; };
		61ECD15918A1667700E5B952 /* IMG_1414.jpg in Resources */ = {isa = PBXBuildFile; fileRef = 61ECD15818A1667700E5B952 /* IMG_1414.jpg */; };
/* End PBXBuildFile section */

/* Begin PBXContainerItemProxy section */
		61C57C6E18897BA600887F5E /* PBXContainerItemProxy */ = {
			isa = PBXContainerItemProxy;
			containerPortal = 61C57C3A18897BA600887F5E /* Project object */;
			proxyType = 1;
			remoteGlobalIDString = 61C57C4118897BA600887F5E;
			remoteInfo = twinstabook;
		};
/* End PBXContainerItemProxy section */

/* Begin PBXFileReference section */
		6131929318C0E7F7005A1C5E /* Twitter_logo_blue.png */ = {isa = PBXFileReference; lastKnownFileType = image.png; path = Twitter_logo_blue.png; sourceTree = "<group>"; };
		6131929518C0E86B005A1C5E /* Instagram_Icon_Large.png */ = {isa = PBXFileReference; lastKnownFileType = image.png; path = Instagram_Icon_Large.png; sourceTree = "<group>"; };
		6131929718C0E8E6005A1C5E /* FB-fLogo-Blue-printpackaging.tif */ = {isa = PBXFileReference; lastKnownFileType = image.tiff; path = "FB-fLogo-Blue-printpackaging.tif"; sourceTree = "<group>"; };
		6131929918C0E9E9005A1C5E /* MemberTableViewCell.h */ = {isa = PBXFileReference; fileEncoding = 4; lastKnownFileType = sourcecode.c.h; path = MemberTableViewCell.h; sourceTree = "<group>"; };
		6131929A18C0E9E9005A1C5E /* MemberTableViewCell.m */ = {isa = PBXFileReference; fileEncoding = 4; lastKnownFileType = sourcecode.c.objc; path = MemberTableViewCell.m; sourceTree = "<group>"; };
		6137DFEB18A3FF1200E0C589 /* questionMark.png */ = {isa = PBXFileReference; lastKnownFileType = image.png; path = questionMark.png; sourceTree = "<group>"; };
		6137DFF318A66C7200E0C589 /* JMPickerView.h */ = {isa = PBXFileReference; fileEncoding = 4; lastKnownFileType = sourcecode.c.h; path = JMPickerView.h; sourceTree = "<group>"; };
		6137DFF418A66C7200E0C589 /* JMPickerView.m */ = {isa = PBXFileReference; fileEncoding = 4; lastKnownFileType = sourcecode.c.objc; path = JMPickerView.m; sourceTree = "<group>"; };
		6137DFF718A7AFEF00E0C589 /* FacebookParser.h */ = {isa = PBXFileReference; fileEncoding = 4; lastKnownFileType = sourcecode.c.h; path = FacebookParser.h; sourceTree = "<group>"; };
		6137DFF818A7AFEF00E0C589 /* FacebookParser.m */ = {isa = PBXFileReference; fileEncoding = 4; lastKnownFileType = sourcecode.c.objc; path = FacebookParser.m; sourceTree = "<group>"; };
		6137DFFC18A7B03C00E0C589 /* DisplayObject.h */ = {isa = PBXFileReference; fileEncoding = 4; lastKnownFileType = sourcecode.c.h; path = DisplayObject.h; sourceTree = "<group>"; };
		6137DFFD18A7B03C00E0C589 /* DisplayObject.m */ = {isa = PBXFileReference; fileEncoding = 4; lastKnownFileType = sourcecode.c.objc; path = DisplayObject.m; sourceTree = "<group>"; };
		6137DFFF18A7B11600E0C589 /* tifTableViewCell.h */ = {isa = PBXFileReference; fileEncoding = 4; lastKnownFileType = sourcecode.c.h; path = tifTableViewCell.h; sourceTree = "<group>"; };
		6137E00018A7B11600E0C589 /* tifTableViewCell.m */ = {isa = PBXFileReference; fileEncoding = 4; lastKnownFileType = sourcecode.c.objc; path = tifTableViewCell.m; sourceTree = "<group>"; };
		6165736618B3D3D10025DF09 /* SWRevealViewController.h */ = {isa = PBXFileReference; fileEncoding = 4; lastKnownFileType = sourcecode.c.h; path = SWRevealViewController.h; sourceTree = "<group>"; };
		6165736718B3D3D10025DF09 /* SWRevealViewController.m */ = {isa = PBXFileReference; fileEncoding = 4; lastKnownFileType = sourcecode.c.objc; path = SWRevealViewController.m; sourceTree = "<group>"; };
		6165736918B3FF3A0025DF09 /* MenuTableViewController.h */ = {isa = PBXFileReference; fileEncoding = 4; lastKnownFileType = sourcecode.c.h; path = MenuTableViewController.h; sourceTree = "<group>"; };
		6165736A18B3FF3A0025DF09 /* MenuTableViewController.m */ = {isa = PBXFileReference; fileEncoding = 4; lastKnownFileType = sourcecode.c.objc; path = MenuTableViewController.m; sourceTree = "<group>"; };
		6165736D18B4039A0025DF09 /* reveal-icon.png */ = {isa = PBXFileReference; lastKnownFileType = image.png; path = "reveal-icon.png"; sourceTree = "<group>"; };
		6165736F18B403A20025DF09 /* reveal-icon@2x.png */ = {isa = PBXFileReference; lastKnownFileType = image.png; path = "reveal-icon@2x.png"; sourceTree = "<group>"; };
		6165737118B51FF40025DF09 /* FacebookSettingsViewController.h */ = {isa = PBXFileReference; fileEncoding = 4; lastKnownFileType = sourcecode.c.h; path = FacebookSettingsViewController.h; sourceTree = "<group>"; };
		6165737218B51FF40025DF09 /* FacebookSettingsViewController.m */ = {isa = PBXFileReference; fileEncoding = 4; lastKnownFileType = sourcecode.c.objc; path = FacebookSettingsViewController.m; sourceTree = "<group>"; };
		6165737418B5288A0025DF09 /* firstViewController.h */ = {isa = PBXFileReference; fileEncoding = 4; lastKnownFileType = sourcecode.c.h; path = firstViewController.h; sourceTree = "<group>"; };
		6165737518B5288A0025DF09 /* firstViewController.m */ = {isa = PBXFileReference; fileEncoding = 4; lastKnownFileType = sourcecode.c.objc; path = firstViewController.m; sourceTree = "<group>"; };
		6165737718B54D600025DF09 /* twitterSettingsViewController.h */ = {isa = PBXFileReference; fileEncoding = 4; lastKnownFileType = sourcecode.c.h; path = twitterSettingsViewController.h; sourceTree = "<group>"; };
		6165737818B54D600025DF09 /* twitterSettingsViewController.m */ = {isa = PBXFileReference; fileEncoding = 4; lastKnownFileType = sourcecode.c.objc; path = twitterSettingsViewController.m; sourceTree = "<group>"; };
		6165737A18B54D810025DF09 /* instagramSettingsViewController.h */ = {isa = PBXFileReference; fileEncoding = 4; lastKnownFileType = sourcecode.c.h; path = instagramSettingsViewController.h; sourceTree = "<group>"; };
		6165737B18B54D810025DF09 /* instagramSettingsViewController.m */ = {isa = PBXFileReference; fileEncoding = 4; lastKnownFileType = sourcecode.c.objc; path = instagramSettingsViewController.m; sourceTree = "<group>"; };
		617CE87918AA933A0025AA92 /* optionsPickerViewDelegate.h */ = {isa = PBXFileReference; fileEncoding = 4; lastKnownFileType = sourcecode.c.h; path = optionsPickerViewDelegate.h; sourceTree = "<group>"; };
		617CE87A18AA933A0025AA92 /* optionsPickerViewDelegate.m */ = {isa = PBXFileReference; fileEncoding = 4; lastKnownFileType = sourcecode.c.objc; path = optionsPickerViewDelegate.m; sourceTree = "<group>"; };
		617CE87C18AD2EDD0025AA92 /* Accounts.framework */ = {isa = PBXFileReference; lastKnownFileType = wrapper.framework; name = Accounts.framework; path = System/Library/Frameworks/Accounts.framework; sourceTree = SDKROOT; };
		617CE87E18AD2EE70025AA92 /* Social.framework */ = {isa = PBXFileReference; lastKnownFileType = wrapper.framework; name = Social.framework; path = System/Library/Frameworks/Social.framework; sourceTree = SDKROOT; };
		617CE88018AD2F3C0025AA92 /* twitterParser.h */ = {isa = PBXFileReference; fileEncoding = 4; lastKnownFileType = sourcecode.c.h; path = twitterParser.h; sourceTree = "<group>"; };
		617CE88118AD2F3C0025AA92 /* twitterParser.m */ = {isa = PBXFileReference; fileEncoding = 4; lastKnownFileType = sourcecode.c.objc; path = twitterParser.m; sourceTree = "<group>"; };
		617CE88318AD2F630025AA92 /* instagramParser.h */ = {isa = PBXFileReference; fileEncoding = 4; lastKnownFileType = sourcecode.c.h; path = instagramParser.h; sourceTree = "<group>"; };
		617CE88418AD2F630025AA92 /* instagramParser.m */ = {isa = PBXFileReference; fileEncoding = 4; lastKnownFileType = sourcecode.c.objc; path = instagramParser.m; sourceTree = "<group>"; };
		617CE88618AD30270025AA92 /* linkWebViewController.h */ = {isa = PBXFileReference; fileEncoding = 4; lastKnownFileType = sourcecode.c.h; path = linkWebViewController.h; sourceTree = "<group>"; };
		617CE88718AD30270025AA92 /* linkWebViewController.m */ = {isa = PBXFileReference; fileEncoding = 4; lastKnownFileType = sourcecode.c.objc; path = linkWebViewController.m; sourceTree = "<group>"; };
		617CE88918AE66D80025AA92 /* old code snippets */ = {isa = PBXFileReference; fileEncoding = 4; lastKnownFileType = text; path = "old code snippets"; sourceTree = "<group>"; };
		6188A2A718917CB9009C75EB /* tif_db.h */ = {isa = PBXFileReference; fileEncoding = 4; lastKnownFileType = sourcecode.c.h; path = tif_db.h; sourceTree = "<group>"; };
		6188A2A818917CB9009C75EB /* tif_db.m */ = {isa = PBXFileReference; fileEncoding = 4; lastKnownFileType = sourcecode.c.objc; path = tif_db.m; sourceTree = "<group>"; };
		618BE7BD18AFA0DF00A0CB7F /* Twitter.framework */ = {isa = PBXFileReference; lastKnownFileType = wrapper.framework; name = Twitter.framework; path = System/Library/Frameworks/Twitter.framework; sourceTree = SDKROOT; };
		618BE7C418B8D80500A0CB7F /* settingsViewController.h */ = {isa = PBXFileReference; fileEncoding = 4; lastKnownFileType = sourcecode.c.h; path = settingsViewController.h; sourceTree = "<group>"; };
		618BE7C518B8D80500A0CB7F /* settingsViewController.m */ = {isa = PBXFileReference; fileEncoding = 4; lastKnownFileType = sourcecode.c.objc; path = settingsViewController.m; sourceTree = "<group>"; };
		61C57C4218897BA600887F5E /* twinstabook.app */ = {isa = PBXFileReference; explicitFileType = wrapper.application; includeInIndex = 0; path = twinstabook.app; sourceTree = BUILT_PRODUCTS_DIR; };
		61C57C4518897BA600887F5E /* Foundation.framework */ = {isa = PBXFileReference; lastKnownFileType = wrapper.framework; name = Foundation.framework; path = System/Library/Frameworks/Foundation.framework; sourceTree = SDKROOT; };
		61C57C4718897BA600887F5E /* CoreGraphics.framework */ = {isa = PBXFileReference; lastKnownFileType = wrapper.framework; name = CoreGraphics.framework; path = System/Library/Frameworks/CoreGraphics.framework; sourceTree = SDKROOT; };
		61C57C4918897BA600887F5E /* UIKit.framework */ = {isa = PBXFileReference; lastKnownFileType = wrapper.framework; name = UIKit.framework; path = System/Library/Frameworks/UIKit.framework; sourceTree = SDKROOT; };
		61C57C4D18897BA600887F5E /* twinstabook-Info.plist */ = {isa = PBXFileReference; lastKnownFileType = text.plist.xml; path = "twinstabook-Info.plist"; sourceTree = "<group>"; };
		61C57C4F18897BA600887F5E /* en */ = {isa = PBXFileReference; lastKnownFileType = text.plist.strings; name = en; path = en.lproj/InfoPlist.strings; sourceTree = "<group>"; };
		61C57C5118897BA600887F5E /* main.m */ = {isa = PBXFileReference; lastKnownFileType = sourcecode.c.objc; path = main.m; sourceTree = "<group>"; };
		61C57C5318897BA600887F5E /* twinstabook-Prefix.pch */ = {isa = PBXFileReference; lastKnownFileType = sourcecode.c.h; path = "twinstabook-Prefix.pch"; sourceTree = "<group>"; };
		61C57C5418897BA600887F5E /* twinstabookAppDelegate.h */ = {isa = PBXFileReference; lastKnownFileType = sourcecode.c.h; path = twinstabookAppDelegate.h; sourceTree = "<group>"; };
		61C57C5518897BA600887F5E /* twinstabookAppDelegate.m */ = {isa = PBXFileReference; lastKnownFileType = sourcecode.c.objc; path = twinstabookAppDelegate.m; sourceTree = "<group>"; };
		61C57C5818897BA600887F5E /* Base */ = {isa = PBXFileReference; lastKnownFileType = file.storyboard; name = Base; path = Base.lproj/Main_iPhone.storyboard; sourceTree = "<group>"; };
		61C57C5B18897BA600887F5E /* Base */ = {isa = PBXFileReference; lastKnownFileType = file.storyboard; name = Base; path = Base.lproj/Main_iPad.storyboard; sourceTree = "<group>"; };
		61C57C5D18897BA600887F5E /* twinstabookFirstViewController.h */ = {isa = PBXFileReference; lastKnownFileType = sourcecode.c.h; path = twinstabookFirstViewController.h; sourceTree = "<group>"; };
		61C57C5E18897BA600887F5E /* twinstabookFirstViewController.m */ = {isa = PBXFileReference; lastKnownFileType = sourcecode.c.objc; path = twinstabookFirstViewController.m; sourceTree = "<group>"; };
		61C57C6318897BA600887F5E /* Images.xcassets */ = {isa = PBXFileReference; lastKnownFileType = folder.assetcatalog; path = Images.xcassets; sourceTree = "<group>"; };
		61C57C6918897BA600887F5E /* twinstabookTests.xctest */ = {isa = PBXFileReference; explicitFileType = wrapper.cfbundle; includeInIndex = 0; path = twinstabookTests.xctest; sourceTree = BUILT_PRODUCTS_DIR; };
		61C57C6A18897BA600887F5E /* XCTest.framework */ = {isa = PBXFileReference; lastKnownFileType = wrapper.framework; name = XCTest.framework; path = Library/Frameworks/XCTest.framework; sourceTree = DEVELOPER_DIR; };
		61C57C7218897BA600887F5E /* twinstabookTests-Info.plist */ = {isa = PBXFileReference; lastKnownFileType = text.plist.xml; path = "twinstabookTests-Info.plist"; sourceTree = "<group>"; };
		61C57C7418897BA600887F5E /* en */ = {isa = PBXFileReference; lastKnownFileType = text.plist.strings; name = en; path = en.lproj/InfoPlist.strings; sourceTree = "<group>"; };
		61C57C7618897BA600887F5E /* twinstabookTests.m */ = {isa = PBXFileReference; lastKnownFileType = sourcecode.c.objc; path = twinstabookTests.m; sourceTree = "<group>"; };
		61C57C80188A660900887F5E /* FacebookSDK.framework */ = {isa = PBXFileReference; lastKnownFileType = wrapper.framework; name = FacebookSDK.framework; path = ../../FacebookSDK/FacebookSDK.framework; sourceTree = "<group>"; };
		61DFBF6918BA208800DB6D4E /* AddGroupMembersViewController.h */ = {isa = PBXFileReference; fileEncoding = 4; lastKnownFileType = sourcecode.c.h; path = AddGroupMembersViewController.h; sourceTree = "<group>"; };
		61DFBF6A18BA208800DB6D4E /* AddGroupMembersViewController.m */ = {isa = PBXFileReference; fileEncoding = 4; lastKnownFileType = sourcecode.c.objc; path = AddGroupMembersViewController.m; sourceTree = "<group>"; };
		61DFBF6C18BA211C00DB6D4E /* searchGroupMembersViewController.h */ = {isa = PBXFileReference; fileEncoding = 4; lastKnownFileType = sourcecode.c.h; path = searchGroupMembersViewController.h; sourceTree = "<group>"; };
		61DFBF6D18BA211C00DB6D4E /* searchGroupMembersViewController.m */ = {isa = PBXFileReference; fileEncoding = 4; lastKnownFileType = sourcecode.c.objc; path = searchGroupMembersViewController.m; sourceTree = "<group>"; };
		61DFBF6F18BBEC0C00DB6D4E /* UserObject.h */ = {isa = PBXFileReference; fileEncoding = 4; lastKnownFileType = sourcecode.c.h; path = UserObject.h; sourceTree = "<group>"; };
		61DFBF7018BBEC0C00DB6D4E /* UserObject.m */ = {isa = PBXFileReference; fileEncoding = 4; lastKnownFileType = sourcecode.c.objc; path = UserObject.m; sourceTree = "<group>"; };
		61ECD14C18981AB300E5B952 /* groupViewController.h */ = {isa = PBXFileReference; fileEncoding = 4; lastKnownFileType = sourcecode.c.h; path = groupViewController.h; sourceTree = "<group>"; };
		61ECD14D18981AB300E5B952 /* groupViewController.m */ = {isa = PBXFileReference; fileEncoding = 4; lastKnownFileType = sourcecode.c.objc; path = groupViewController.m; sourceTree = "<group>"; };
		61ECD14F18981B8C00E5B952 /* groupTableViewController.h */ = {isa = PBXFileReference; fileEncoding = 4; lastKnownFileType = sourcecode.c.h; path = groupTableViewController.h; sourceTree = "<group>"; };
		61ECD15018981B8C00E5B952 /* groupTableViewController.m */ = {isa = PBXFileReference; fileEncoding = 4; lastKnownFileType = sourcecode.c.objc; path = groupTableViewController.m; sourceTree = "<group>"; };
		61ECD152189D2B4200E5B952 /* groupNavigationController.h */ = {isa = PBXFileReference; fileEncoding = 4; lastKnownFileType = sourcecode.c.h; path = groupNavigationController.h; sourceTree = "<group>"; };
		61ECD153189D2B4200E5B952 /* groupNavigationController.m */ = {isa = PBXFileReference; fileEncoding = 4; lastKnownFileType = sourcecode.c.objc; path = groupNavigationController.m; sourceTree = "<group>"; };
		61ECD15518A00F7500E5B952 /* searchTableViewController.h */ = {isa = PBXFileReference; fileEncoding = 4; lastKnownFileType = sourcecode.c.h; path = searchTableViewController.h; sourceTree = "<group>"; };
		61ECD15618A00F7500E5B952 /* searchTableViewController.m */ = {isa = PBXFileReference; fileEncoding = 4; lastKnownFileType = sourcecode.c.objc; path = searchTableViewController.m; sourceTree = "<group>"; };
		61ECD15818A1667700E5B952 /* IMG_1414.jpg */ = {isa = PBXFileReference; lastKnownFileType = image.jpeg; path = IMG_1414.jpg; sourceTree = "<group>"; };
/* End PBXFileReference section */

/* Begin PBXFrameworksBuildPhase section */
		61C57C3F18897BA600887F5E /* Frameworks */ = {
			isa = PBXFrameworksBuildPhase;
			buildActionMask = 2147483647;
			files = (
				618BE7BE18AFA0DF00A0CB7F /* Twitter.framework in Frameworks */,
				617CE87F18AD2EE70025AA92 /* Social.framework in Frameworks */,
				617CE87D18AD2EDD0025AA92 /* Accounts.framework in Frameworks */,
				61C57C4818897BA600887F5E /* CoreGraphics.framework in Frameworks */,
				61C57C4A18897BA600887F5E /* UIKit.framework in Frameworks */,
				61C57C4618897BA600887F5E /* Foundation.framework in Frameworks */,
			);
			runOnlyForDeploymentPostprocessing = 0;
		};
		61C57C6618897BA600887F5E /* Frameworks */ = {
			isa = PBXFrameworksBuildPhase;
			buildActionMask = 2147483647;
			files = (
				61C57C6B18897BA600887F5E /* XCTest.framework in Frameworks */,
				61C57C6D18897BA600887F5E /* UIKit.framework in Frameworks */,
				61C57C6C18897BA600887F5E /* Foundation.framework in Frameworks */,
			);
			runOnlyForDeploymentPostprocessing = 0;
		};
/* End PBXFrameworksBuildPhase section */

/* Begin PBXGroup section */
		6137DFF618A7AFB500E0C589 /* Facebook */ = {
			isa = PBXGroup;
			children = (
				6131929718C0E8E6005A1C5E /* FB-fLogo-Blue-printpackaging.tif */,
				6165737118B51FF40025DF09 /* FacebookSettingsViewController.h */,
				6165737218B51FF40025DF09 /* FacebookSettingsViewController.m */,
				6137DFF718A7AFEF00E0C589 /* FacebookParser.h */,
				6137DFF818A7AFEF00E0C589 /* FacebookParser.m */,
			);
			name = Facebook;
			sourceTree = "<group>";
		};
		6137DFFA18A7B00000E0C589 /* twitter */ = {
			isa = PBXGroup;
			children = (
				6131929318C0E7F7005A1C5E /* Twitter_logo_blue.png */,
				617CE88018AD2F3C0025AA92 /* twitterParser.h */,
				617CE88118AD2F3C0025AA92 /* twitterParser.m */,
				6165737718B54D600025DF09 /* twitterSettingsViewController.h */,
				6165737818B54D600025DF09 /* twitterSettingsViewController.m */,
			);
			name = twitter;
			sourceTree = "<group>";
		};
		6137DFFB18A7B00C00E0C589 /* instagram */ = {
			isa = PBXGroup;
			children = (
				6131929518C0E86B005A1C5E /* Instagram_Icon_Large.png */,
				617CE88318AD2F630025AA92 /* instagramParser.h */,
				617CE88418AD2F630025AA92 /* instagramParser.m */,
				6165737A18B54D810025DF09 /* instagramSettingsViewController.h */,
				6165737B18B54D810025DF09 /* instagramSettingsViewController.m */,
			);
			name = instagram;
			sourceTree = "<group>";
		};
		6165736518B3D3D10025DF09 /* SWRevealViewController */ = {
			isa = PBXGroup;
			children = (
				6165736618B3D3D10025DF09 /* SWRevealViewController.h */,
				6165736718B3D3D10025DF09 /* SWRevealViewController.m */,
			);
			path = SWRevealViewController;
			sourceTree = "<group>";
		};
		6165736C18B403830025DF09 /* Pictures */ = {
			isa = PBXGroup;
			children = (
				6165736F18B403A20025DF09 /* reveal-icon@2x.png */,
				6165736D18B4039A0025DF09 /* reveal-icon.png */,
				6137DFEB18A3FF1200E0C589 /* questionMark.png */,
			);
			name = Pictures;
			sourceTree = "<group>";
		};
		6165737D18B555670025DF09 /* SliderViewRelated */ = {
			isa = PBXGroup;
			children = (
				6165737418B5288A0025DF09 /* firstViewController.h */,
				6165737518B5288A0025DF09 /* firstViewController.m */,
				6165736918B3FF3A0025DF09 /* MenuTableViewController.h */,
				6165736A18B3FF3A0025DF09 /* MenuTableViewController.m */,
			);
			name = SliderViewRelated;
			sourceTree = "<group>";
		};
		618BE7C218B8D25D00A0CB7F /* Groups */ = {
			isa = PBXGroup;
			children = (
				61DFBF6918BA208800DB6D4E /* AddGroupMembersViewController.h */,
				61DFBF6A18BA208800DB6D4E /* AddGroupMembersViewController.m */,
				61DFBF6C18BA211C00DB6D4E /* searchGroupMembersViewController.h */,
				61DFBF6D18BA211C00DB6D4E /* searchGroupMembersViewController.m */,
				61ECD14F18981B8C00E5B952 /* groupTableViewController.h */,
				61ECD15018981B8C00E5B952 /* groupTableViewController.m */,
				61ECD14C18981AB300E5B952 /* groupViewController.h */,
				61ECD14D18981AB300E5B952 /* groupViewController.m */,
				61ECD15518A00F7500E5B952 /* searchTableViewController.h */,
				61ECD15618A00F7500E5B952 /* searchTableViewController.m */,
				617CE87918AA933A0025AA92 /* optionsPickerViewDelegate.h */,
				617CE87A18AA933A0025AA92 /* optionsPickerViewDelegate.m */,
			);
			name = Groups;
			sourceTree = "<group>";
		};
		618BE7C318B8D2A200A0CB7F /* Settings */ = {
			isa = PBXGroup;
			children = (
				618BE7C418B8D80500A0CB7F /* settingsViewController.h */,
				618BE7C518B8D80500A0CB7F /* settingsViewController.m */,
			);
			name = Settings;
			sourceTree = "<group>";
		};
		61C57C3918897BA600887F5E = {
			isa = PBXGroup;
			children = (
				6165736518B3D3D10025DF09 /* SWRevealViewController */,
				61C57C4B18897BA600887F5E /* twinstabook */,
				61C57C7018897BA600887F5E /* twinstabookTests */,
				61C57C4418897BA600887F5E /* Frameworks */,
				61C57C4318897BA600887F5E /* Products */,
			);
			sourceTree = "<group>";
		};
		61C57C4318897BA600887F5E /* Products */ = {
			isa = PBXGroup;
			children = (
				61C57C4218897BA600887F5E /* twinstabook.app */,
				61C57C6918897BA600887F5E /* twinstabookTests.xctest */,
			);
			name = Products;
			sourceTree = "<group>";
		};
		61C57C4418897BA600887F5E /* Frameworks */ = {
			isa = PBXGroup;
			children = (
				618BE7BD18AFA0DF00A0CB7F /* Twitter.framework */,
				617CE87E18AD2EE70025AA92 /* Social.framework */,
				617CE87C18AD2EDD0025AA92 /* Accounts.framework */,
				61C57C80188A660900887F5E /* FacebookSDK.framework */,
				61C57C4518897BA600887F5E /* Foundation.framework */,
				61C57C4718897BA600887F5E /* CoreGraphics.framework */,
				61C57C4918897BA600887F5E /* UIKit.framework */,
				61C57C6A18897BA600887F5E /* XCTest.framework */,
			);
			name = Frameworks;
			sourceTree = "<group>";
		};
		61C57C4B18897BA600887F5E /* twinstabook */ = {
			isa = PBXGroup;
			children = (
				6165737D18B555670025DF09 /* SliderViewRelated */,
				6165736C18B403830025DF09 /* Pictures */,
				6137DFFB18A7B00C00E0C589 /* instagram */,
				6137DFFA18A7B00000E0C589 /* twitter */,
				6137DFF618A7AFB500E0C589 /* Facebook */,
				618BE7C218B8D25D00A0CB7F /* Groups */,
				618BE7C318B8D2A200A0CB7F /* Settings */,
				61C57C5718897BA600887F5E /* Main_iPhone.storyboard */,
				61C57C5A18897BA600887F5E /* Main_iPad.storyboard */,
				61C57C5D18897BA600887F5E /* twinstabookFirstViewController.h */,
				61C57C5E18897BA600887F5E /* twinstabookFirstViewController.m */,
				61ECD152189D2B4200E5B952 /* groupNavigationController.h */,
				61ECD153189D2B4200E5B952 /* groupNavigationController.m */,
				6137DFFF18A7B11600E0C589 /* tifTableViewCell.h */,
				6137E00018A7B11600E0C589 /* tifTableViewCell.m */,
				617CE88618AD30270025AA92 /* linkWebViewController.h */,
				617CE88718AD30270025AA92 /* linkWebViewController.m */,
				6188A2A718917CB9009C75EB /* tif_db.h */,
				6188A2A818917CB9009C75EB /* tif_db.m */,
				6137DFFC18A7B03C00E0C589 /* DisplayObject.h */,
				6137DFFD18A7B03C00E0C589 /* DisplayObject.m */,
				61DFBF6F18BBEC0C00DB6D4E /* UserObject.h */,
				61DFBF7018BBEC0C00DB6D4E /* UserObject.m */,
				6131929918C0E9E9005A1C5E /* MemberTableViewCell.h */,
				6131929A18C0E9E9005A1C5E /* MemberTableViewCell.m */,
				61C57C5418897BA600887F5E /* twinstabookAppDelegate.h */,
				61C57C5518897BA600887F5E /* twinstabookAppDelegate.m */,
				61C57C6318897BA600887F5E /* Images.xcassets */,
				61C57C4C18897BA600887F5E /* Supporting Files */,
			);
			path = twinstabook;
			sourceTree = "<group>";
		};
		61C57C4C18897BA600887F5E /* Supporting Files */ = {
			isa = PBXGroup;
			children = (
				617CE88918AE66D80025AA92 /* old code snippets */,
				6137DFF318A66C7200E0C589 /* JMPickerView.h */,
				6137DFF418A66C7200E0C589 /* JMPickerView.m */,
				61ECD15818A1667700E5B952 /* IMG_1414.jpg */,
				61C57C4D18897BA600887F5E /* twinstabook-Info.plist */,
				61C57C4E18897BA600887F5E /* InfoPlist.strings */,
				61C57C5118897BA600887F5E /* main.m */,
				61C57C5318897BA600887F5E /* twinstabook-Prefix.pch */,
			);
			name = "Supporting Files";
			sourceTree = "<group>";
		};
		61C57C7018897BA600887F5E /* twinstabookTests */ = {
			isa = PBXGroup;
			children = (
				61C57C7618897BA600887F5E /* twinstabookTests.m */,
				61C57C7118897BA600887F5E /* Supporting Files */,
			);
			path = twinstabookTests;
			sourceTree = "<group>";
		};
		61C57C7118897BA600887F5E /* Supporting Files */ = {
			isa = PBXGroup;
			children = (
				61C57C7218897BA600887F5E /* twinstabookTests-Info.plist */,
				61C57C7318897BA600887F5E /* InfoPlist.strings */,
			);
			name = "Supporting Files";
			sourceTree = "<group>";
		};
/* End PBXGroup section */

/* Begin PBXNativeTarget section */
		61C57C4118897BA600887F5E /* twinstabook */ = {
			isa = PBXNativeTarget;
			buildConfigurationList = 61C57C7A18897BA600887F5E /* Build configuration list for PBXNativeTarget "twinstabook" */;
			buildPhases = (
				61C57C3E18897BA600887F5E /* Sources */,
				61C57C3F18897BA600887F5E /* Frameworks */,
				61C57C4018897BA600887F5E /* Resources */,
			);
			buildRules = (
			);
			dependencies = (
			);
			name = twinstabook;
			productName = twinstabook;
			productReference = 61C57C4218897BA600887F5E /* twinstabook.app */;
			productType = "com.apple.product-type.application";
		};
		61C57C6818897BA600887F5E /* twinstabookTests */ = {
			isa = PBXNativeTarget;
			buildConfigurationList = 61C57C7D18897BA600887F5E /* Build configuration list for PBXNativeTarget "twinstabookTests" */;
			buildPhases = (
				61C57C6518897BA600887F5E /* Sources */,
				61C57C6618897BA600887F5E /* Frameworks */,
				61C57C6718897BA600887F5E /* Resources */,
			);
			buildRules = (
			);
			dependencies = (
				61C57C6F18897BA600887F5E /* PBXTargetDependency */,
			);
			name = twinstabookTests;
			productName = twinstabookTests;
			productReference = 61C57C6918897BA600887F5E /* twinstabookTests.xctest */;
			productType = "com.apple.product-type.bundle.unit-test";
		};
/* End PBXNativeTarget section */

/* Begin PBXProject section */
		61C57C3A18897BA600887F5E /* Project object */ = {
			isa = PBXProject;
			attributes = {
				CLASSPREFIX = twinstabook;
				LastUpgradeCheck = 0500;
				ORGANIZATIONNAME = "Niklas Nordin";
				TargetAttributes = {
					61C57C4118897BA600887F5E = {
						DevelopmentTeam = QUP84UZ9KG;
					};
					61C57C6818897BA600887F5E = {
						TestTargetID = 61C57C4118897BA600887F5E;
					};
				};
			};
			buildConfigurationList = 61C57C3D18897BA600887F5E /* Build configuration list for PBXProject "twinstabook" */;
			compatibilityVersion = "Xcode 3.2";
			developmentRegion = English;
			hasScannedForEncodings = 0;
			knownRegions = (
				en,
				Base,
			);
			mainGroup = 61C57C3918897BA600887F5E;
			productRefGroup = 61C57C4318897BA600887F5E /* Products */;
			projectDirPath = "";
			projectRoot = "";
			targets = (
				61C57C4118897BA600887F5E /* twinstabook */,
				61C57C6818897BA600887F5E /* twinstabookTests */,
			);
		};
/* End PBXProject section */

/* Begin PBXResourcesBuildPhase section */
		61C57C4018897BA600887F5E /* Resources */ = {
			isa = PBXResourcesBuildPhase;
			buildActionMask = 2147483647;
			files = (
				6137DFEC18A3FF1200E0C589 /* questionMark.png in Resources */,
				61C57C5C18897BA600887F5E /* Main_iPad.storyboard in Resources */,
				61ECD15918A1667700E5B952 /* IMG_1414.jpg in Resources */,
				61C57C6418897BA600887F5E /* Images.xcassets in Resources */,
				6131929418C0E7F7005A1C5E /* Twitter_logo_blue.png in Resources */,
				6131929618C0E86B005A1C5E /* Instagram_Icon_Large.png in Resources */,
				61C57C5918897BA600887F5E /* Main_iPhone.storyboard in Resources */,
				6165737018B403A20025DF09 /* reveal-icon@2x.png in Resources */,
				61C57C5018897BA600887F5E /* InfoPlist.strings in Resources */,
				617CE88A18AE66D80025AA92 /* old code snippets in Resources */,
				6131929818C0E8E6005A1C5E /* FB-fLogo-Blue-printpackaging.tif in Resources */,
				6165736E18B4039A0025DF09 /* reveal-icon.png in Resources */,
			);
			runOnlyForDeploymentPostprocessing = 0;
		};
		61C57C6718897BA600887F5E /* Resources */ = {
			isa = PBXResourcesBuildPhase;
			buildActionMask = 2147483647;
			files = (
				61C57C7518897BA600887F5E /* InfoPlist.strings in Resources */,
			);
			runOnlyForDeploymentPostprocessing = 0;
		};
/* End PBXResourcesBuildPhase section */

/* Begin PBXSourcesBuildPhase section */
		61C57C3E18897BA600887F5E /* Sources */ = {
			isa = PBXSourcesBuildPhase;
			buildActionMask = 2147483647;
			files = (
				61ECD14E18981AB300E5B952 /* groupViewController.m in Sources */,
				6165737318B51FF40025DF09 /* FacebookSettingsViewController.m in Sources */,
				6165736818B3D3D10025DF09 /* SWRevealViewController.m in Sources */,
				617CE88218AD2F3C0025AA92 /* twitterParser.m in Sources */,
				618BE7C618B8D80500A0CB7F /* settingsViewController.m in Sources */,
				61DFBF7118BBEC0C00DB6D4E /* UserObject.m in Sources */,
				6165736B18B3FF3A0025DF09 /* MenuTableViewController.m in Sources */,
				6131929B18C0E9E9005A1C5E /* MemberTableViewCell.m in Sources */,
				61C57C5F18897BA600887F5E /* twinstabookFirstViewController.m in Sources */,
				61ECD15718A00F7500E5B952 /* searchTableViewController.m in Sources */,
				6137E00118A7B11600E0C589 /* tifTableViewCell.m in Sources */,
				61C57C5618897BA600887F5E /* twinstabookAppDelegate.m in Sources */,
				617CE87B18AA933A0025AA92 /* optionsPickerViewDelegate.m in Sources */,
				6165737618B5288A0025DF09 /* firstViewController.m in Sources */,
				61ECD15118981B8C00E5B952 /* groupTableViewController.m in Sources */,
				61C57C5218897BA600887F5E /* main.m in Sources */,
				6165737C18B54D810025DF09 /* instagramSettingsViewController.m in Sources */,
				6137DFFE18A7B03C00E0C589 /* DisplayObject.m in Sources */,
				6165737918B54D600025DF09 /* twitterSettingsViewController.m in Sources */,
				6188A2A918917CB9009C75EB /* tif_db.m in Sources */,
				61DFBF6B18BA208800DB6D4E /* AddGroupMembersViewController.m in Sources */,
				617CE88818AD30270025AA92 /* linkWebViewController.m in Sources */,
				61ECD154189D2B4200E5B952 /* groupNavigationController.m in Sources */,
				61DFBF6E18BA211C00DB6D4E /* searchGroupMembersViewController.m in Sources */,
				6137DFF918A7AFEF00E0C589 /* FacebookParser.m in Sources */,
				6137DFF518A66C7200E0C589 /* JMPickerView.m in Sources */,
				617CE88518AD2F630025AA92 /* instagramParser.m in Sources */,
			);
			runOnlyForDeploymentPostprocessing = 0;
		};
		61C57C6518897BA600887F5E /* Sources */ = {
			isa = PBXSourcesBuildPhase;
			buildActionMask = 2147483647;
			files = (
				61C57C7718897BA600887F5E /* twinstabookTests.m in Sources */,
			);
			runOnlyForDeploymentPostprocessing = 0;
		};
/* End PBXSourcesBuildPhase section */

/* Begin PBXTargetDependency section */
		61C57C6F18897BA600887F5E /* PBXTargetDependency */ = {
			isa = PBXTargetDependency;
			target = 61C57C4118897BA600887F5E /* twinstabook */;
			targetProxy = 61C57C6E18897BA600887F5E /* PBXContainerItemProxy */;
		};
/* End PBXTargetDependency section */

/* Begin PBXVariantGroup section */
		61C57C4E18897BA600887F5E /* InfoPlist.strings */ = {
			isa = PBXVariantGroup;
			children = (
				61C57C4F18897BA600887F5E /* en */,
			);
			name = InfoPlist.strings;
			sourceTree = "<group>";
		};
		61C57C5718897BA600887F5E /* Main_iPhone.storyboard */ = {
			isa = PBXVariantGroup;
			children = (
				61C57C5818897BA600887F5E /* Base */,
			);
			name = Main_iPhone.storyboard;
			sourceTree = "<group>";
		};
		61C57C5A18897BA600887F5E /* Main_iPad.storyboard */ = {
			isa = PBXVariantGroup;
			children = (
				61C57C5B18897BA600887F5E /* Base */,
			);
			name = Main_iPad.storyboard;
			sourceTree = "<group>";
		};
		61C57C7318897BA600887F5E /* InfoPlist.strings */ = {
			isa = PBXVariantGroup;
			children = (
				61C57C7418897BA600887F5E /* en */,
			);
			name = InfoPlist.strings;
			sourceTree = "<group>";
		};
/* End PBXVariantGroup section */

/* Begin XCBuildConfiguration section */
		61C57C7818897BA600887F5E /* Debug */ = {
			isa = XCBuildConfiguration;
			buildSettings = {
				ALWAYS_SEARCH_USER_PATHS = NO;
				ARCHS = "$(ARCHS_STANDARD_INCLUDING_64_BIT)";
				CLANG_CXX_LANGUAGE_STANDARD = "gnu++0x";
				CLANG_CXX_LIBRARY = "libc++";
				CLANG_ENABLE_MODULES = YES;
				CLANG_ENABLE_OBJC_ARC = YES;
				CLANG_WARN_BOOL_CONVERSION = YES;
				CLANG_WARN_CONSTANT_CONVERSION = YES;
				CLANG_WARN_DIRECT_OBJC_ISA_USAGE = YES_ERROR;
				CLANG_WARN_EMPTY_BODY = YES;
				CLANG_WARN_ENUM_CONVERSION = YES;
				CLANG_WARN_INT_CONVERSION = YES;
				CLANG_WARN_OBJC_ROOT_CLASS = YES_ERROR;
				CLANG_WARN__DUPLICATE_METHOD_MATCH = YES;
				"CODE_SIGN_IDENTITY[sdk=iphoneos*]" = "iPhone Developer";
				COPY_PHASE_STRIP = NO;
				GCC_C_LANGUAGE_STANDARD = gnu99;
				GCC_DYNAMIC_NO_PIC = NO;
				GCC_OPTIMIZATION_LEVEL = 0;
				GCC_PREPROCESSOR_DEFINITIONS = (
					"DEBUG=1",
					"$(inherited)",
				);
				GCC_SYMBOLS_PRIVATE_EXTERN = NO;
				GCC_WARN_64_TO_32_BIT_CONVERSION = YES;
				GCC_WARN_ABOUT_RETURN_TYPE = YES_ERROR;
				GCC_WARN_UNDECLARED_SELECTOR = YES;
				GCC_WARN_UNINITIALIZED_AUTOS = YES;
				GCC_WARN_UNUSED_FUNCTION = YES;
				GCC_WARN_UNUSED_VARIABLE = YES;
				IPHONEOS_DEPLOYMENT_TARGET = 7.0;
				ONLY_ACTIVE_ARCH = YES;
				SDKROOT = iphoneos;
				TARGETED_DEVICE_FAMILY = "1,2";
			};
			name = Debug;
		};
		61C57C7918897BA600887F5E /* Release */ = {
			isa = XCBuildConfiguration;
			buildSettings = {
				ALWAYS_SEARCH_USER_PATHS = NO;
				ARCHS = "$(ARCHS_STANDARD_INCLUDING_64_BIT)";
				CLANG_CXX_LANGUAGE_STANDARD = "gnu++0x";
				CLANG_CXX_LIBRARY = "libc++";
				CLANG_ENABLE_MODULES = YES;
				CLANG_ENABLE_OBJC_ARC = YES;
				CLANG_WARN_BOOL_CONVERSION = YES;
				CLANG_WARN_CONSTANT_CONVERSION = YES;
				CLANG_WARN_DIRECT_OBJC_ISA_USAGE = YES_ERROR;
				CLANG_WARN_EMPTY_BODY = YES;
				CLANG_WARN_ENUM_CONVERSION = YES;
				CLANG_WARN_INT_CONVERSION = YES;
				CLANG_WARN_OBJC_ROOT_CLASS = YES_ERROR;
				CLANG_WARN__DUPLICATE_METHOD_MATCH = YES;
				"CODE_SIGN_IDENTITY[sdk=iphoneos*]" = "iPhone Developer";
				COPY_PHASE_STRIP = YES;
				ENABLE_NS_ASSERTIONS = NO;
				GCC_C_LANGUAGE_STANDARD = gnu99;
				GCC_WARN_64_TO_32_BIT_CONVERSION = YES;
				GCC_WARN_ABOUT_RETURN_TYPE = YES_ERROR;
				GCC_WARN_UNDECLARED_SELECTOR = YES;
				GCC_WARN_UNINITIALIZED_AUTOS = YES;
				GCC_WARN_UNUSED_FUNCTION = YES;
				GCC_WARN_UNUSED_VARIABLE = YES;
				IPHONEOS_DEPLOYMENT_TARGET = 7.0;
				SDKROOT = iphoneos;
				TARGETED_DEVICE_FAMILY = "1,2";
				VALIDATE_PRODUCT = YES;
			};
			name = Release;
		};
		61C57C7B18897BA600887F5E /* Debug */ = {
			isa = XCBuildConfiguration;
			buildSettings = {
				ASSETCATALOG_COMPILER_APPICON_NAME = AppIcon;
				ASSETCATALOG_COMPILER_LAUNCHIMAGE_NAME = LaunchImage;
				CODE_SIGN_IDENTITY = "iPhone Developer";
				"CODE_SIGN_IDENTITY[sdk=iphoneos*]" = "iPhone Developer";
				FRAMEWORK_SEARCH_PATHS = (
					"$(inherited)",
					/Users/niklasnordin/Documents/FacebookSDK,
				);
				GCC_PRECOMPILE_PREFIX_HEADER = YES;
				GCC_PREFIX_HEADER = "twinstabook/twinstabook-Prefix.pch";
				INFOPLIST_FILE = "twinstabook/twinstabook-Info.plist";
				IPHONEOS_DEPLOYMENT_TARGET = 6.1;
				PRODUCT_NAME = "$(TARGET_NAME)";
				PROVISIONING_PROFILE = "";
				WRAPPER_EXTENSION = app;
			};
			name = Debug;
		};
		61C57C7C18897BA600887F5E /* Release */ = {
			isa = XCBuildConfiguration;
			buildSettings = {
				ASSETCATALOG_COMPILER_APPICON_NAME = AppIcon;
				ASSETCATALOG_COMPILER_LAUNCHIMAGE_NAME = LaunchImage;
				CODE_SIGN_IDENTITY = "iPhone Developer";
				"CODE_SIGN_IDENTITY[sdk=iphoneos*]" = "iPhone Developer";
				FRAMEWORK_SEARCH_PATHS = (
					"$(inherited)",
					/Users/niklasnordin/Documents/FacebookSDK,
				);
				GCC_PRECOMPILE_PREFIX_HEADER = YES;
				GCC_PREFIX_HEADER = "twinstabook/twinstabook-Prefix.pch";
				INFOPLIST_FILE = "twinstabook/twinstabook-Info.plist";
				IPHONEOS_DEPLOYMENT_TARGET = 6.1;
				PRODUCT_NAME = "$(TARGET_NAME)";
				PROVISIONING_PROFILE = "";
				WRAPPER_EXTENSION = app;
			};
			name = Release;
		};
		61C57C7E18897BA600887F5E /* Debug */ = {
			isa = XCBuildConfiguration;
			buildSettings = {
				ARCHS = "$(ARCHS_STANDARD_INCLUDING_64_BIT)";
				BUNDLE_LOADER = "$(BUILT_PRODUCTS_DIR)/twinstabook.app/twinstabook";
				FRAMEWORK_SEARCH_PATHS = (
					"$(SDKROOT)/Developer/Library/Frameworks",
					"$(inherited)",
					"$(DEVELOPER_FRAMEWORKS_DIR)",
				);
				GCC_PRECOMPILE_PREFIX_HEADER = YES;
				GCC_PREFIX_HEADER = "twinstabook/twinstabook-Prefix.pch";
				GCC_PREPROCESSOR_DEFINITIONS = (
					"DEBUG=1",
					"$(inherited)",
				);
				INFOPLIST_FILE = "twinstabookTests/twinstabookTests-Info.plist";
				PRODUCT_NAME = "$(TARGET_NAME)";
				TEST_HOST = "$(BUNDLE_LOADER)";
				WRAPPER_EXTENSION = xctest;
			};
			name = Debug;
		};
		61C57C7F18897BA600887F5E /* Release */ = {
			isa = XCBuildConfiguration;
			buildSettings = {
				ARCHS = "$(ARCHS_STANDARD_INCLUDING_64_BIT)";
				BUNDLE_LOADER = "$(BUILT_PRODUCTS_DIR)/twinstabook.app/twinstabook";
				FRAMEWORK_SEARCH_PATHS = (
					"$(SDKROOT)/Developer/Library/Frameworks",
					"$(inherited)",
					"$(DEVELOPER_FRAMEWORKS_DIR)",
				);
				GCC_PRECOMPILE_PREFIX_HEADER = YES;
				GCC_PREFIX_HEADER = "twinstabook/twinstabook-Prefix.pch";
				INFOPLIST_FILE = "twinstabookTests/twinstabookTests-Info.plist";
				PRODUCT_NAME = "$(TARGET_NAME)";
				TEST_HOST = "$(BUNDLE_LOADER)";
				WRAPPER_EXTENSION = xctest;
			};
			name = Release;
		};
/* End XCBuildConfiguration section */

/* Begin XCConfigurationList section */
		61C57C3D18897BA600887F5E /* Build configuration list for PBXProject "twinstabook" */ = {
			isa = XCConfigurationList;
			buildConfigurations = (
				61C57C7818897BA600887F5E /* Debug */,
				61C57C7918897BA600887F5E /* Release */,
			);
			defaultConfigurationIsVisible = 0;
			defaultConfigurationName = Release;
		};
		61C57C7A18897BA600887F5E /* Build configuration list for PBXNativeTarget "twinstabook" */ = {
			isa = XCConfigurationList;
			buildConfigurations = (
				61C57C7B18897BA600887F5E /* Debug */,
				61C57C7C18897BA600887F5E /* Release */,
			);
			defaultConfigurationIsVisible = 0;
			defaultConfigurationName = Release;
		};
		61C57C7D18897BA600887F5E /* Build configuration list for PBXNativeTarget "twinstabookTests" */ = {
			isa = XCConfigurationList;
			buildConfigurations = (
				61C57C7E18897BA600887F5E /* Debug */,
				61C57C7F18897BA600887F5E /* Release */,
			);
			defaultConfigurationIsVisible = 0;
			defaultConfigurationName = Release;
		};
/* End XCConfigurationList section */
	};
	rootObject = 61C57C3A18897BA600887F5E /* Project object */;
}
